
Microsoft Visual Studio Solution File, Format Version 12.00
# Visual Studio Version 16
VisualStudioVersion = 16.0.30011.22
MinimumVisualStudioVersion = 10.0.40219.1
Project("{8BC9CEB8-8B4A-11D0-8D11-00A0C91BC942}") = "Video_wxWidgets", "Video_wxWidgets\Video_wxWidgets.vcxproj", "{0E75C3CD-FC58-4BB1-85EF-7CA13E322517}"
EndProject
Global
	GlobalSection(SolutionConfigurationPlatforms) = preSolution
		Debug|x64 = Debug|x64
		Debug|x86 = Debug|x86
		Release|x64 = Release|x64
		Release|x86 = Release|x86
	EndGlobalSection
	GlobalSection(ProjectConfigurationPlatforms) = postSolution
		{0E75C3CD-FC58-4BB1-85EF-7CA13E322517}.Debug|x64.ActiveCfg = Debug|x64
		{0E75C3CD-FC58-4BB1-85EF-7CA13E322517}.Debug|x64.Build.0 = Debug|x64
		{0E75C3CD-FC58-4BB1-85EF-7CA13E322517}.Debug|x86.ActiveCfg = Debug|Win32
		{0E75C3CD-FC58-4BB1-85EF-7CA13E322517}.Debug|x86.Build.0 = Debug|Win32
		{0E75C3CD-FC58-4BB1-85EF-7CA13E322517}.Release|x64.ActiveCfg = Release|x64
		{0E75C3CD-FC58-4BB1-85EF-7CA13E322517}.Release|x64.Build.0 = Release|x64
		{0E75C3CD-FC58-4BB1-85EF-7CA13E322517}.Release|x86.ActiveCfg = Release|Win32
		{0E75C3CD-FC58-4BB1-85EF-7CA13E322517}.Release|x86.Build.0 = Release|Win32
	EndGlobalSection
	GlobalSection(SolutionProperties) = preSolution
		HideSolutionNode = FALSE
	EndGlobalSection
	GlobalSection(ExtensibilityGlobals) = postSolution
		SolutionGuid = {501DF279-1B69-4829-A886-70DF05328EEA}
	EndGlobalSection
EndGlobal
