
Microsoft Visual Studio Solution File, Format Version 12.00
# Visual Studio Version 16
VisualStudioVersion = 16.0.30011.22
MinimumVisualStudioVersion = 10.0.40219.1
Project("{8BC9CEB8-8B4A-11D0-8D11-00A0C91BC942}") = "PSOLA", "PSOLA.vcxproj", "{1B84BD41-A98E-4A98-BC80-80DD8DE3ACBA}"
EndProject
Global
	GlobalSection(SolutionConfigurationPlatforms) = preSolution
		Debug|x64 = Debug|x64
		Debug|x86 = Debug|x86
		Release|x64 = Release|x64
		Release|x86 = Release|x86
	EndGlobalSection
	GlobalSection(ProjectConfigurationPlatforms) = postSolution
		{1B84BD41-A98E-4A98-BC80-80DD8DE3ACBA}.Debug|x64.ActiveCfg = Debug|x64
		{1B84BD41-A98E-4A98-BC80-80DD8DE3ACBA}.Debug|x64.Build.0 = Debug|x64
		{1B84BD41-A98E-4A98-BC80-80DD8DE3ACBA}.Debug|x86.ActiveCfg = Debug|Win32
		{1B84BD41-A98E-4A98-BC80-80DD8DE3ACBA}.Debug|x86.Build.0 = Debug|Win32
		{1B84BD41-A98E-4A98-BC80-80DD8DE3ACBA}.Release|x64.ActiveCfg = Release|x64
		{1B84BD41-A98E-4A98-BC80-80DD8DE3ACBA}.Release|x64.Build.0 = Release|x64
		{1B84BD41-A98E-4A98-BC80-80DD8DE3ACBA}.Release|x86.ActiveCfg = Release|Win32
		{1B84BD41-A98E-4A98-BC80-80DD8DE3ACBA}.Release|x86.Build.0 = Release|Win32
	EndGlobalSection
	GlobalSection(SolutionProperties) = preSolution
		HideSolutionNode = FALSE
	EndGlobalSection
	GlobalSection(ExtensibilityGlobals) = postSolution
		SolutionGuid = {1A50F8FB-1748-425F-A19D-1AED5052F485}
	EndGlobalSection
EndGlobal
